// !$*UTF8*$!
{
	archiveVersion = 1;
	classes = {
	};
	objectVersion = 56;
	objects = {

/* Begin PBXBuildFile section */
		F6136AF32B0FC18F001A784D /* CovidTrackerApp.swift in Sources */ = {isa = PBXBuildFile; fileRef = F6136AF22B0FC18F001A784D /* CovidTrackerApp.swift */; };
		F6136AF52B0FC18F001A784D /* ContentView.swift in Sources */ = {isa = PBXBuildFile; fileRef = F6136AF42B0FC18F001A784D /* ContentView.swift */; };
		F6136AF72B0FC190001A784D /* Assets.xcassets in Resources */ = {isa = PBXBuildFile; fileRef = F6136AF62B0FC190001A784D /* Assets.xcassets */; };
		F6136AFA2B0FC190001A784D /* Preview Assets.xcassets in Resources */ = {isa = PBXBuildFile; fileRef = F6136AF92B0FC190001A784D /* Preview Assets.xcassets */; };
		F6136B042B0FC190001A784D /* CovidTrackerTests.swift in Sources */ = {isa = PBXBuildFile; fileRef = F6136B032B0FC190001A784D /* CovidTrackerTests.swift */; };
		F6136B0E2B0FC190001A784D /* CovidTrackerUITests.swift in Sources */ = {isa = PBXBuildFile; fileRef = F6136B0D2B0FC190001A784D /* CovidTrackerUITests.swift */; };
		F6136B102B0FC190001A784D /* CovidTrackerUITestsLaunchTests.swift in Sources */ = {isa = PBXBuildFile; fileRef = F6136B0F2B0FC190001A784D /* CovidTrackerUITestsLaunchTests.swift */; };
		F6136B252B0FC315001A784D /* Alamofire in Frameworks */ = {isa = PBXBuildFile; productRef = F6136B242B0FC315001A784D /* Alamofire */; };
		F6136B282B0FC31E001A784D /* SDWebImageSwiftUI in Frameworks */ = {isa = PBXBuildFile; productRef = F6136B272B0FC31E001A784D /* SDWebImageSwiftUI */; };
		F6136B2B2B0FC366001A784D /* FlowStacks in Frameworks */ = {isa = PBXBuildFile; productRef = F6136B2A2B0FC366001A784D /* FlowStacks */; };
		F6136B312B0FC57B001A784D /* CovidModel.swift in Sources */ = {isa = PBXBuildFile; fileRef = F6136B302B0FC57B001A784D /* CovidModel.swift */; };
		F6136B332B0FC6FA001A784D /* CovidRepository.swift in Sources */ = {isa = PBXBuildFile; fileRef = F6136B322B0FC6FA001A784D /* CovidRepository.swift */; };
		F6136B352B0FD632001A784D /* NetworkAPIService.swift in Sources */ = {isa = PBXBuildFile; fileRef = F6136B342B0FD632001A784D /* NetworkAPIService.swift */; };
		F6136B372B0FDBE4001A784D /* ContentViewModel.swift in Sources */ = {isa = PBXBuildFile; fileRef = F6136B362B0FDBE4001A784D /* ContentViewModel.swift */; };
		F6136B3A2B0FDDFD001A784D /* CovidRequirement.swift in Sources */ = {isa = PBXBuildFile; fileRef = F6136B392B0FDDFD001A784D /* CovidRequirement.swift */; };
/* End PBXBuildFile section */

/* Begin PBXContainerItemProxy section */
		F6136B002B0FC190001A784D /* PBXContainerItemProxy */ = {
			isa = PBXContainerItemProxy;
			containerPortal = F6136AE72B0FC18F001A784D /* Project object */;
			proxyType = 1;
			remoteGlobalIDString = F6136AEE2B0FC18F001A784D;
			remoteInfo = CovidTracker;
		};
		F6136B0A2B0FC190001A784D /* PBXContainerItemProxy */ = {
			isa = PBXContainerItemProxy;
			containerPortal = F6136AE72B0FC18F001A784D /* Project object */;
			proxyType = 1;
			remoteGlobalIDString = F6136AEE2B0FC18F001A784D;
			remoteInfo = CovidTracker;
		};
/* End PBXContainerItemProxy section */

/* Begin PBXFileReference section */
		F6136AEF2B0FC18F001A784D /* CovidTracker.app */ = {isa = PBXFileReference; explicitFileType = wrapper.application; includeInIndex = 0; path = CovidTracker.app; sourceTree = BUILT_PRODUCTS_DIR; };
		F6136AF22B0FC18F001A784D /* CovidTrackerApp.swift */ = {isa = PBXFileReference; lastKnownFileType = sourcecode.swift; path = CovidTrackerApp.swift; sourceTree = "<group>"; };
		F6136AF42B0FC18F001A784D /* ContentView.swift */ = {isa = PBXFileReference; lastKnownFileType = sourcecode.swift; path = ContentView.swift; sourceTree = "<group>"; };
		F6136AF62B0FC190001A784D /* Assets.xcassets */ = {isa = PBXFileReference; lastKnownFileType = folder.assetcatalog; path = Assets.xcassets; sourceTree = "<group>"; };
		F6136AF92B0FC190001A784D /* Preview Assets.xcassets */ = {isa = PBXFileReference; lastKnownFileType = folder.assetcatalog; path = "Preview Assets.xcassets"; sourceTree = "<group>"; };
		F6136AFF2B0FC190001A784D /* CovidTrackerTests.xctest */ = {isa = PBXFileReference; explicitFileType = wrapper.cfbundle; includeInIndex = 0; path = CovidTrackerTests.xctest; sourceTree = BUILT_PRODUCTS_DIR; };
		F6136B032B0FC190001A784D /* CovidTrackerTests.swift */ = {isa = PBXFileReference; lastKnownFileType = sourcecode.swift; path = CovidTrackerTests.swift; sourceTree = "<group>"; };
		F6136B092B0FC190001A784D /* CovidTrackerUITests.xctest */ = {isa = PBXFileReference; explicitFileType = wrapper.cfbundle; includeInIndex = 0; path = CovidTrackerUITests.xctest; sourceTree = BUILT_PRODUCTS_DIR; };
		F6136B0D2B0FC190001A784D /* CovidTrackerUITests.swift */ = {isa = PBXFileReference; lastKnownFileType = sourcecode.swift; path = CovidTrackerUITests.swift; sourceTree = "<group>"; };
		F6136B0F2B0FC190001A784D /* CovidTrackerUITestsLaunchTests.swift */ = {isa = PBXFileReference; lastKnownFileType = sourcecode.swift; path = CovidTrackerUITestsLaunchTests.swift; sourceTree = "<group>"; };
		F6136B302B0FC57B001A784D /* CovidModel.swift */ = {isa = PBXFileReference; lastKnownFileType = sourcecode.swift; path = CovidModel.swift; sourceTree = "<group>"; };
		F6136B322B0FC6FA001A784D /* CovidRepository.swift */ = {isa = PBXFileReference; lastKnownFileType = sourcecode.swift; path = CovidRepository.swift; sourceTree = "<group>"; };
		F6136B342B0FD632001A784D /* NetworkAPIService.swift */ = {isa = PBXFileReference; lastKnownFileType = sourcecode.swift; path = NetworkAPIService.swift; sourceTree = "<group>"; };
		F6136B362B0FDBE4001A784D /* ContentViewModel.swift */ = {isa = PBXFileReference; lastKnownFileType = sourcecode.swift; path = ContentViewModel.swift; sourceTree = "<group>"; };
		F6136B392B0FDDFD001A784D /* CovidRequirement.swift */ = {isa = PBXFileReference; lastKnownFileType = sourcecode.swift; path = CovidRequirement.swift; sourceTree = "<group>"; };
/* End PBXFileReference section */

/* Begin PBXFrameworksBuildPhase section */
		F6136AEC2B0FC18F001A784D /* Frameworks */ = {
			isa = PBXFrameworksBuildPhase;
			buildActionMask = 2147483647;
			files = (
				F6136B282B0FC31E001A784D /* SDWebImageSwiftUI in Frameworks */,
				F6136B252B0FC315001A784D /* Alamofire in Frameworks */,
				F6136B2B2B0FC366001A784D /* FlowStacks in Frameworks */,
			);
			runOnlyForDeploymentPostprocessing = 0;
		};
		F6136AFC2B0FC190001A784D /* Frameworks */ = {
			isa = PBXFrameworksBuildPhase;
			buildActionMask = 2147483647;
			files = (
			);
			runOnlyForDeploymentPostprocessing = 0;
		};
		F6136B062B0FC190001A784D /* Frameworks */ = {
			isa = PBXFrameworksBuildPhase;
			buildActionMask = 2147483647;
			files = (
			);
			runOnlyForDeploymentPostprocessing = 0;
		};
/* End PBXFrameworksBuildPhase section */

/* Begin PBXGroup section */
		F6136AE62B0FC18F001A784D = {
			isa = PBXGroup;
			children = (
				F6136AF12B0FC18F001A784D /* CovidTracker */,
				F6136B022B0FC190001A784D /* CovidTrackerTests */,
				F6136B0C2B0FC190001A784D /* CovidTrackerUITests */,
				F6136AF02B0FC18F001A784D /* Products */,
			);
			sourceTree = "<group>";
		};
		F6136AF02B0FC18F001A784D /* Products */ = {
			isa = PBXGroup;
			children = (
				F6136AEF2B0FC18F001A784D /* CovidTracker.app */,
				F6136AFF2B0FC190001A784D /* CovidTrackerTests.xctest */,
				F6136B092B0FC190001A784D /* CovidTrackerUITests.xctest */,
			);
			name = Products;
			sourceTree = "<group>";
		};
		F6136AF12B0FC18F001A784D /* CovidTracker */ = {
			isa = PBXGroup;
			children = (
				F6136B1F2B0FC256001A784D /* Data */,
				F6136B382B0FDDE9001A784D /* Domain */,
				F6136B1C2B0FC220001A784D /* Framework */,
				F6136AF22B0FC18F001A784D /* CovidTrackerApp.swift */,
				F6136AF62B0FC190001A784D /* Assets.xcassets */,
				F6136AF82B0FC190001A784D /* Preview Content */,
			);
			path = CovidTracker;
			sourceTree = "<group>";
		};
		F6136AF82B0FC190001A784D /* Preview Content */ = {
			isa = PBXGroup;
			children = (
				F6136AF92B0FC190001A784D /* Preview Assets.xcassets */,
			);
			path = "Preview Content";
			sourceTree = "<group>";
		};
		F6136B022B0FC190001A784D /* CovidTrackerTests */ = {
			isa = PBXGroup;
			children = (
				F6136B032B0FC190001A784D /* CovidTrackerTests.swift */,
			);
			path = CovidTrackerTests;
			sourceTree = "<group>";
		};
		F6136B0C2B0FC190001A784D /* CovidTrackerUITests */ = {
			isa = PBXGroup;
			children = (
				F6136B0D2B0FC190001A784D /* CovidTrackerUITests.swift */,
				F6136B0F2B0FC190001A784D /* CovidTrackerUITestsLaunchTests.swift */,
			);
			path = CovidTrackerUITests;
			sourceTree = "<group>";
		};
		F6136B1C2B0FC220001A784D /* Framework */ = {
			isa = PBXGroup;
			children = (
				F6136B1E2B0FC23B001A784D /* Views */,
				F6136B1D2B0FC230001A784D /* ViewModels */,
			);
			path = Framework;
			sourceTree = "<group>";
		};
		F6136B1D2B0FC230001A784D /* ViewModels */ = {
			isa = PBXGroup;
			children = (
				F6136B362B0FDBE4001A784D /* ContentViewModel.swift */,
			);
			path = ViewModels;
			sourceTree = "<group>";
		};
		F6136B1E2B0FC23B001A784D /* Views */ = {
			isa = PBXGroup;
			children = (
				F6136AF42B0FC18F001A784D /* ContentView.swift */,
			);
			path = Views;
			sourceTree = "<group>";
		};
		F6136B1F2B0FC256001A784D /* Data */ = {
			isa = PBXGroup;
			children = (
				F6136B202B0FC25F001A784D /* Models */,
				F6136B322B0FC6FA001A784D /* CovidRepository.swift */,
			);
			path = Data;
			sourceTree = "<group>";
		};
		F6136B202B0FC25F001A784D /* Models */ = {
			isa = PBXGroup;
			children = (
				F6136B222B0FC293001A784D /* Network */,
				F6136B302B0FC57B001A784D /* CovidModel.swift */,
			);
			path = Models;
			sourceTree = "<group>";
		};
		F6136B222B0FC293001A784D /* Network */ = {
			isa = PBXGroup;
			children = (
				F6136B342B0FD632001A784D /* NetworkAPIService.swift */,
			);
			path = Network;
			sourceTree = "<group>";
		};
		F6136B382B0FDDE9001A784D /* Domain */ = {
			isa = PBXGroup;
			children = (
				F6136B392B0FDDFD001A784D /* CovidRequirement.swift */,
			);
			path = Domain;
			sourceTree = "<group>";
		};
/* End PBXGroup section */

/* Begin PBXNativeTarget section */
		F6136AEE2B0FC18F001A784D /* CovidTracker */ = {
			isa = PBXNativeTarget;
			buildConfigurationList = F6136B132B0FC190001A784D /* Build configuration list for PBXNativeTarget "CovidTracker" */;
			buildPhases = (
				F6136AEB2B0FC18F001A784D /* Sources */,
				F6136AEC2B0FC18F001A784D /* Frameworks */,
				F6136AED2B0FC18F001A784D /* Resources */,
			);
			buildRules = (
			);
			dependencies = (
			);
			name = CovidTracker;
			packageProductDependencies = (
				F6136B242B0FC315001A784D /* Alamofire */,
				F6136B272B0FC31E001A784D /* SDWebImageSwiftUI */,
				F6136B2A2B0FC366001A784D /* FlowStacks */,
			);
			productName = CovidTracker;
			productReference = F6136AEF2B0FC18F001A784D /* CovidTracker.app */;
			productType = "com.apple.product-type.application";
		};
		F6136AFE2B0FC190001A784D /* CovidTrackerTests */ = {
			isa = PBXNativeTarget;
			buildConfigurationList = F6136B162B0FC190001A784D /* Build configuration list for PBXNativeTarget "CovidTrackerTests" */;
			buildPhases = (
				F6136AFB2B0FC190001A784D /* Sources */,
				F6136AFC2B0FC190001A784D /* Frameworks */,
				F6136AFD2B0FC190001A784D /* Resources */,
			);
			buildRules = (
			);
			dependencies = (
				F6136B012B0FC190001A784D /* PBXTargetDependency */,
			);
			name = CovidTrackerTests;
			productName = CovidTrackerTests;
			productReference = F6136AFF2B0FC190001A784D /* CovidTrackerTests.xctest */;
			productType = "com.apple.product-type.bundle.unit-test";
		};
		F6136B082B0FC190001A784D /* CovidTrackerUITests */ = {
			isa = PBXNativeTarget;
			buildConfigurationList = F6136B192B0FC190001A784D /* Build configuration list for PBXNativeTarget "CovidTrackerUITests" */;
			buildPhases = (
				F6136B052B0FC190001A784D /* Sources */,
				F6136B062B0FC190001A784D /* Frameworks */,
				F6136B072B0FC190001A784D /* Resources */,
			);
			buildRules = (
			);
			dependencies = (
				F6136B0B2B0FC190001A784D /* PBXTargetDependency */,
			);
			name = CovidTrackerUITests;
			productName = CovidTrackerUITests;
			productReference = F6136B092B0FC190001A784D /* CovidTrackerUITests.xctest */;
			productType = "com.apple.product-type.bundle.ui-testing";
		};
/* End PBXNativeTarget section */

/* Begin PBXProject section */
		F6136AE72B0FC18F001A784D /* Project object */ = {
			isa = PBXProject;
			attributes = {
				BuildIndependentTargetsInParallel = 1;
				LastSwiftUpdateCheck = 1500;
				LastUpgradeCheck = 1500;
				TargetAttributes = {
					F6136AEE2B0FC18F001A784D = {
						CreatedOnToolsVersion = 15.0;
					};
					F6136AFE2B0FC190001A784D = {
						CreatedOnToolsVersion = 15.0;
						TestTargetID = F6136AEE2B0FC18F001A784D;
					};
					F6136B082B0FC190001A784D = {
						CreatedOnToolsVersion = 15.0;
						TestTargetID = F6136AEE2B0FC18F001A784D;
					};
				};
			};
			buildConfigurationList = F6136AEA2B0FC18F001A784D /* Build configuration list for PBXProject "CovidTracker" */;
			compatibilityVersion = "Xcode 14.0";
			developmentRegion = en;
			hasScannedForEncodings = 0;
			knownRegions = (
				en,
				Base,
			);
			mainGroup = F6136AE62B0FC18F001A784D;
			packageReferences = (
				F6136B232B0FC315001A784D /* XCRemoteSwiftPackageReference "Alamofire" */,
				F6136B262B0FC31E001A784D /* XCRemoteSwiftPackageReference "SDWebImageSwiftUI" */,
				F6136B292B0FC366001A784D /* XCRemoteSwiftPackageReference "FlowStacks" */,
			);
			productRefGroup = F6136AF02B0FC18F001A784D /* Products */;
			projectDirPath = "";
			projectRoot = "";
			targets = (
				F6136AEE2B0FC18F001A784D /* CovidTracker */,
				F6136AFE2B0FC190001A784D /* CovidTrackerTests */,
				F6136B082B0FC190001A784D /* CovidTrackerUITests */,
			);
		};
/* End PBXProject section */

/* Begin PBXResourcesBuildPhase section */
		F6136AED2B0FC18F001A784D /* Resources */ = {
			isa = PBXResourcesBuildPhase;
			buildActionMask = 2147483647;
			files = (
				F6136AFA2B0FC190001A784D /* Preview Assets.xcassets in Resources */,
				F6136AF72B0FC190001A784D /* Assets.xcassets in Resources */,
			);
			runOnlyForDeploymentPostprocessing = 0;
		};
		F6136AFD2B0FC190001A784D /* Resources */ = {
			isa = PBXResourcesBuildPhase;
			buildActionMask = 2147483647;
			files = (
			);
			runOnlyForDeploymentPostprocessing = 0;
		};
		F6136B072B0FC190001A784D /* Resources */ = {
			isa = PBXResourcesBuildPhase;
			buildActionMask = 2147483647;
			files = (
			);
			runOnlyForDeploymentPostprocessing = 0;
		};
/* End PBXResourcesBuildPhase section */

/* Begin PBXSourcesBuildPhase section */
		F6136AEB2B0FC18F001A784D /* Sources */ = {
			isa = PBXSourcesBuildPhase;
			buildActionMask = 2147483647;
			files = (
				F6136AF52B0FC18F001A784D /* ContentView.swift in Sources */,
				F6136B352B0FD632001A784D /* NetworkAPIService.swift in Sources */,
				F6136B372B0FDBE4001A784D /* ContentViewModel.swift in Sources */,
				F6136B332B0FC6FA001A784D /* CovidRepository.swift in Sources */,
				F6136B312B0FC57B001A784D /* CovidModel.swift in Sources */,
				F6136B3A2B0FDDFD001A784D /* CovidRequirement.swift in Sources */,
				F6136AF32B0FC18F001A784D /* CovidTrackerApp.swift in Sources */,
			);
			runOnlyForDeploymentPostprocessing = 0;
		};
		F6136AFB2B0FC190001A784D /* Sources */ = {
			isa = PBXSourcesBuildPhase;
			buildActionMask = 2147483647;
			files = (
				F6136B042B0FC190001A784D /* CovidTrackerTests.swift in Sources */,
			);
			runOnlyForDeploymentPostprocessing = 0;
		};
		F6136B052B0FC190001A784D /* Sources */ = {
			isa = PBXSourcesBuildPhase;
			buildActionMask = 2147483647;
			files = (
				F6136B0E2B0FC190001A784D /* CovidTrackerUITests.swift in Sources */,
				F6136B102B0FC190001A784D /* CovidTrackerUITestsLaunchTests.swift in Sources */,
			);
			runOnlyForDeploymentPostprocessing = 0;
		};
/* End PBXSourcesBuildPhase section */

/* Begin PBXTargetDependency section */
		F6136B012B0FC190001A784D /* PBXTargetDependency */ = {
			isa = PBXTargetDependency;
			target = F6136AEE2B0FC18F001A784D /* CovidTracker */;
			targetProxy = F6136B002B0FC190001A784D /* PBXContainerItemProxy */;
		};
		F6136B0B2B0FC190001A784D /* PBXTargetDependency */ = {
			isa = PBXTargetDependency;
			target = F6136AEE2B0FC18F001A784D /* CovidTracker */;
			targetProxy = F6136B0A2B0FC190001A784D /* PBXContainerItemProxy */;
		};
/* End PBXTargetDependency section */

/* Begin XCBuildConfiguration section */
		F6136B112B0FC190001A784D /* Debug */ = {
			isa = XCBuildConfiguration;
			buildSettings = {
				ALWAYS_SEARCH_USER_PATHS = NO;
				ASSETCATALOG_COMPILER_GENERATE_SWIFT_ASSET_SYMBOL_EXTENSIONS = YES;
				CLANG_ANALYZER_NONNULL = YES;
				CLANG_ANALYZER_NUMBER_OBJECT_CONVERSION = YES_AGGRESSIVE;
				CLANG_CXX_LANGUAGE_STANDARD = "gnu++20";
				CLANG_ENABLE_MODULES = YES;
				CLANG_ENABLE_OBJC_ARC = YES;
				CLANG_ENABLE_OBJC_WEAK = YES;
				CLANG_WARN_BLOCK_CAPTURE_AUTORELEASING = YES;
				CLANG_WARN_BOOL_CONVERSION = YES;
				CLANG_WARN_COMMA = YES;
				CLANG_WARN_CONSTANT_CONVERSION = YES;
				CLANG_WARN_DEPRECATED_OBJC_IMPLEMENTATIONS = YES;
				CLANG_WARN_DIRECT_OBJC_ISA_USAGE = YES_ERROR;
				CLANG_WARN_DOCUMENTATION_COMMENTS = YES;
				CLANG_WARN_EMPTY_BODY = YES;
				CLANG_WARN_ENUM_CONVERSION = YES;
				CLANG_WARN_INFINITE_RECURSION = YES;
				CLANG_WARN_INT_CONVERSION = YES;
				CLANG_WARN_NON_LITERAL_NULL_CONVERSION = YES;
				CLANG_WARN_OBJC_IMPLICIT_RETAIN_SELF = YES;
				CLANG_WARN_OBJC_LITERAL_CONVERSION = YES;
				CLANG_WARN_OBJC_ROOT_CLASS = YES_ERROR;
				CLANG_WARN_QUOTED_INCLUDE_IN_FRAMEWORK_HEADER = YES;
				CLANG_WARN_RANGE_LOOP_ANALYSIS = YES;
				CLANG_WARN_STRICT_PROTOTYPES = YES;
				CLANG_WARN_SUSPICIOUS_MOVE = YES;
				CLANG_WARN_UNGUARDED_AVAILABILITY = YES_AGGRESSIVE;
				CLANG_WARN_UNREACHABLE_CODE = YES;
				CLANG_WARN__DUPLICATE_METHOD_MATCH = YES;
				COPY_PHASE_STRIP = NO;
				DEBUG_INFORMATION_FORMAT = dwarf;
				ENABLE_STRICT_OBJC_MSGSEND = YES;
				ENABLE_TESTABILITY = YES;
				ENABLE_USER_SCRIPT_SANDBOXING = YES;
				GCC_C_LANGUAGE_STANDARD = gnu17;
				GCC_DYNAMIC_NO_PIC = NO;
				GCC_NO_COMMON_BLOCKS = YES;
				GCC_OPTIMIZATION_LEVEL = 0;
				GCC_PREPROCESSOR_DEFINITIONS = (
					"DEBUG=1",
					"$(inherited)",
				);
				GCC_WARN_64_TO_32_BIT_CONVERSION = YES;
				GCC_WARN_ABOUT_RETURN_TYPE = YES_ERROR;
				GCC_WARN_UNDECLARED_SELECTOR = YES;
				GCC_WARN_UNINITIALIZED_AUTOS = YES_AGGRESSIVE;
				GCC_WARN_UNUSED_FUNCTION = YES;
				GCC_WARN_UNUSED_VARIABLE = YES;
				IPHONEOS_DEPLOYMENT_TARGET = 17.0;
				LOCALIZATION_PREFERS_STRING_CATALOGS = YES;
				MTL_ENABLE_DEBUG_INFO = INCLUDE_SOURCE;
				MTL_FAST_MATH = YES;
				ONLY_ACTIVE_ARCH = YES;
				SDKROOT = iphoneos;
				SWIFT_ACTIVE_COMPILATION_CONDITIONS = "DEBUG $(inherited)";
				SWIFT_OPTIMIZATION_LEVEL = "-Onone";
			};
			name = Debug;
		};
		F6136B122B0FC190001A784D /* Release */ = {
			isa = XCBuildConfiguration;
			buildSettings = {
				ALWAYS_SEARCH_USER_PATHS = NO;
				ASSETCATALOG_COMPILER_GENERATE_SWIFT_ASSET_SYMBOL_EXTENSIONS = YES;
				CLANG_ANALYZER_NONNULL = YES;
				CLANG_ANALYZER_NUMBER_OBJECT_CONVERSION = YES_AGGRESSIVE;
				CLANG_CXX_LANGUAGE_STANDARD = "gnu++20";
				CLANG_ENABLE_MODULES = YES;
				CLANG_ENABLE_OBJC_ARC = YES;
				CLANG_ENABLE_OBJC_WEAK = YES;
				CLANG_WARN_BLOCK_CAPTURE_AUTORELEASING = YES;
				CLANG_WARN_BOOL_CONVERSION = YES;
				CLANG_WARN_COMMA = YES;
				CLANG_WARN_CONSTANT_CONVERSION = YES;
				CLANG_WARN_DEPRECATED_OBJC_IMPLEMENTATIONS = YES;
				CLANG_WARN_DIRECT_OBJC_ISA_USAGE = YES_ERROR;
				CLANG_WARN_DOCUMENTATION_COMMENTS = YES;
				CLANG_WARN_EMPTY_BODY = YES;
				CLANG_WARN_ENUM_CONVERSION = YES;
				CLANG_WARN_INFINITE_RECURSION = YES;
				CLANG_WARN_INT_CONVERSION = YES;
				CLANG_WARN_NON_LITERAL_NULL_CONVERSION = YES;
				CLANG_WARN_OBJC_IMPLICIT_RETAIN_SELF = YES;
				CLANG_WARN_OBJC_LITERAL_CONVERSION = YES;
				CLANG_WARN_OBJC_ROOT_CLASS = YES_ERROR;
				CLANG_WARN_QUOTED_INCLUDE_IN_FRAMEWORK_HEADER = YES;
				CLANG_WARN_RANGE_LOOP_ANALYSIS = YES;
				CLANG_WARN_STRICT_PROTOTYPES = YES;
				CLANG_WARN_SUSPICIOUS_MOVE = YES;
				CLANG_WARN_UNGUARDED_AVAILABILITY = YES_AGGRESSIVE;
				CLANG_WARN_UNREACHABLE_CODE = YES;
				CLANG_WARN__DUPLICATE_METHOD_MATCH = YES;
				COPY_PHASE_STRIP = NO;
				DEBUG_INFORMATION_FORMAT = "dwarf-with-dsym";
				ENABLE_NS_ASSERTIONS = NO;
				ENABLE_STRICT_OBJC_MSGSEND = YES;
				ENABLE_USER_SCRIPT_SANDBOXING = YES;
				GCC_C_LANGUAGE_STANDARD = gnu17;
				GCC_NO_COMMON_BLOCKS = YES;
				GCC_WARN_64_TO_32_BIT_CONVERSION = YES;
				GCC_WARN_ABOUT_RETURN_TYPE = YES_ERROR;
				GCC_WARN_UNDECLARED_SELECTOR = YES;
				GCC_WARN_UNINITIALIZED_AUTOS = YES_AGGRESSIVE;
				GCC_WARN_UNUSED_FUNCTION = YES;
				GCC_WARN_UNUSED_VARIABLE = YES;
				IPHONEOS_DEPLOYMENT_TARGET = 17.0;
				LOCALIZATION_PREFERS_STRING_CATALOGS = YES;
				MTL_ENABLE_DEBUG_INFO = NO;
				MTL_FAST_MATH = YES;
				SDKROOT = iphoneos;
				SWIFT_COMPILATION_MODE = wholemodule;
				VALIDATE_PRODUCT = YES;
			};
			name = Release;
		};
		F6136B142B0FC190001A784D /* Debug */ = {
			isa = XCBuildConfiguration;
			buildSettings = {
				ASSETCATALOG_COMPILER_APPICON_NAME = AppIcon;
				ASSETCATALOG_COMPILER_GLOBAL_ACCENT_COLOR_NAME = AccentColor;
				CODE_SIGN_STYLE = Automatic;
				CURRENT_PROJECT_VERSION = 1;
				DEVELOPMENT_ASSET_PATHS = "\"CovidTracker/Preview Content\"";
				DEVELOPMENT_TEAM = 9T5LL73A6A;
				ENABLE_PREVIEWS = YES;
				GENERATE_INFOPLIST_FILE = YES;
				INFOPLIST_KEY_UIApplicationSceneManifest_Generation = YES;
				INFOPLIST_KEY_UIApplicationSupportsIndirectInputEvents = YES;
				INFOPLIST_KEY_UILaunchScreen_Generation = YES;
				INFOPLIST_KEY_UISupportedInterfaceOrientations_iPad = "UIInterfaceOrientationPortrait UIInterfaceOrientationPortraitUpsideDown UIInterfaceOrientationLandscapeLeft UIInterfaceOrientationLandscapeRight";
				INFOPLIST_KEY_UISupportedInterfaceOrientations_iPhone = "UIInterfaceOrientationPortrait UIInterfaceOrientationLandscapeLeft UIInterfaceOrientationLandscapeRight";
				LD_RUNPATH_SEARCH_PATHS = (
					"$(inherited)",
					"@executable_path/Frameworks",
				);
				MARKETING_VERSION = 1.0;
				PRODUCT_BUNDLE_IDENTIFIER = com.azulrosales.CovidTracker;
				PRODUCT_NAME = "$(TARGET_NAME)";
				SWIFT_EMIT_LOC_STRINGS = YES;
				SWIFT_VERSION = 5.0;
				TARGETED_DEVICE_FAMILY = "1,2";
			};
			name = Debug;
		};
		F6136B152B0FC190001A784D /* Release */ = {
			isa = XCBuildConfiguration;
			buildSettings = {
				ASSETCATALOG_COMPILER_APPICON_NAME = AppIcon;
				ASSETCATALOG_COMPILER_GLOBAL_ACCENT_COLOR_NAME = AccentColor;
				CODE_SIGN_STYLE = Automatic;
				CURRENT_PROJECT_VERSION = 1;
				DEVELOPMENT_ASSET_PATHS = "\"CovidTracker/Preview Content\"";
				DEVELOPMENT_TEAM = 9T5LL73A6A;
				ENABLE_PREVIEWS = YES;
				GENERATE_INFOPLIST_FILE = YES;
				INFOPLIST_KEY_UIApplicationSceneManifest_Generation = YES;
				INFOPLIST_KEY_UIApplicationSupportsIndirectInputEvents = YES;
				INFOPLIST_KEY_UILaunchScreen_Generation = YES;
				INFOPLIST_KEY_UISupportedInterfaceOrientations_iPad = "UIInterfaceOrientationPortrait UIInterfaceOrientationPortraitUpsideDown UIInterfaceOrientationLandscapeLeft UIInterfaceOrientationLandscapeRight";
				INFOPLIST_KEY_UISupportedInterfaceOrientations_iPhone = "UIInterfaceOrientationPortrait UIInterfaceOrientationLandscapeLeft UIInterfaceOrientationLandscapeRight";
				LD_RUNPATH_SEARCH_PATHS = (
					"$(inherited)",
					"@executable_path/Frameworks",
				);
				MARKETING_VERSION = 1.0;
				PRODUCT_BUNDLE_IDENTIFIER = com.azulrosales.CovidTracker;
				PRODUCT_NAME = "$(TARGET_NAME)";
				SWIFT_EMIT_LOC_STRINGS = YES;
				SWIFT_VERSION = 5.0;
				TARGETED_DEVICE_FAMILY = "1,2";
			};
			name = Release;
		};
		F6136B172B0FC190001A784D /* Debug */ = {
			isa = XCBuildConfiguration;
			buildSettings = {
				ALWAYS_EMBED_SWIFT_STANDARD_LIBRARIES = YES;
				BUNDLE_LOADER = "$(TEST_HOST)";
				CODE_SIGN_STYLE = Automatic;
				CURRENT_PROJECT_VERSION = 1;
				DEVELOPMENT_TEAM = 9T5LL73A6A;
				GENERATE_INFOPLIST_FILE = YES;
				IPHONEOS_DEPLOYMENT_TARGET = 17.0;
				MARKETING_VERSION = 1.0;
				PRODUCT_BUNDLE_IDENTIFIER = com.azulrosales.CovidTrackerTests;
				PRODUCT_NAME = "$(TARGET_NAME)";
				SWIFT_EMIT_LOC_STRINGS = NO;
				SWIFT_VERSION = 5.0;
				TARGETED_DEVICE_FAMILY = "1,2";
				TEST_HOST = "$(BUILT_PRODUCTS_DIR)/CovidTracker.app/$(BUNDLE_EXECUTABLE_FOLDER_PATH)/CovidTracker";
			};
			name = Debug;
		};
		F6136B182B0FC190001A784D /* Release */ = {
			isa = XCBuildConfiguration;
			buildSettings = {
				ALWAYS_EMBED_SWIFT_STANDARD_LIBRARIES = YES;
				BUNDLE_LOADER = "$(TEST_HOST)";
				CODE_SIGN_STYLE = Automatic;
				CURRENT_PROJECT_VERSION = 1;
				DEVELOPMENT_TEAM = 9T5LL73A6A;
				GENERATE_INFOPLIST_FILE = YES;
				IPHONEOS_DEPLOYMENT_TARGET = 17.0;
				MARKETING_VERSION = 1.0;
				PRODUCT_BUNDLE_IDENTIFIER = com.azulrosales.CovidTrackerTests;
				PRODUCT_NAME = "$(TARGET_NAME)";
				SWIFT_EMIT_LOC_STRINGS = NO;
				SWIFT_VERSION = 5.0;
				TARGETED_DEVICE_FAMILY = "1,2";
				TEST_HOST = "$(BUILT_PRODUCTS_DIR)/CovidTracker.app/$(BUNDLE_EXECUTABLE_FOLDER_PATH)/CovidTracker";
			};
			name = Release;
		};
		F6136B1A2B0FC190001A784D /* Debug */ = {
			isa = XCBuildConfiguration;
			buildSettings = {
				ALWAYS_EMBED_SWIFT_STANDARD_LIBRARIES = YES;
				CODE_SIGN_STYLE = Automatic;
				CURRENT_PROJECT_VERSION = 1;
				DEVELOPMENT_TEAM = 9T5LL73A6A;
				GENERATE_INFOPLIST_FILE = YES;
				MARKETING_VERSION = 1.0;
				PRODUCT_BUNDLE_IDENTIFIER = com.azulrosales.CovidTrackerUITests;
				PRODUCT_NAME = "$(TARGET_NAME)";
				SWIFT_EMIT_LOC_STRINGS = NO;
				SWIFT_VERSION = 5.0;
				TARGETED_DEVICE_FAMILY = "1,2";
				TEST_TARGET_NAME = CovidTracker;
			};
			name = Debug;
		};
		F6136B1B2B0FC190001A784D /* Release */ = {
			isa = XCBuildConfiguration;
			buildSettings = {
				ALWAYS_EMBED_SWIFT_STANDARD_LIBRARIES = YES;
				CODE_SIGN_STYLE = Automatic;
				CURRENT_PROJECT_VERSION = 1;
				DEVELOPMENT_TEAM = 9T5LL73A6A;
				GENERATE_INFOPLIST_FILE = YES;
				MARKETING_VERSION = 1.0;
				PRODUCT_BUNDLE_IDENTIFIER = com.azulrosales.CovidTrackerUITests;
				PRODUCT_NAME = "$(TARGET_NAME)";
				SWIFT_EMIT_LOC_STRINGS = NO;
				SWIFT_VERSION = 5.0;
				TARGETED_DEVICE_FAMILY = "1,2";
				TEST_TARGET_NAME = CovidTracker;
			};
			name = Release;
		};
/* End XCBuildConfiguration section */

/* Begin XCConfigurationList section */
		F6136AEA2B0FC18F001A784D /* Build configuration list for PBXProject "CovidTracker" */ = {
			isa = XCConfigurationList;
			buildConfigurations = (
				F6136B112B0FC190001A784D /* Debug */,
				F6136B122B0FC190001A784D /* Release */,
			);
			defaultConfigurationIsVisible = 0;
			defaultConfigurationName = Release;
		};
		F6136B132B0FC190001A784D /* Build configuration list for PBXNativeTarget "CovidTracker" */ = {
			isa = XCConfigurationList;
			buildConfigurations = (
				F6136B142B0FC190001A784D /* Debug */,
				F6136B152B0FC190001A784D /* Release */,
			);
			defaultConfigurationIsVisible = 0;
			defaultConfigurationName = Release;
		};
		F6136B162B0FC190001A784D /* Build configuration list for PBXNativeTarget "CovidTrackerTests" */ = {
			isa = XCConfigurationList;
			buildConfigurations = (
				F6136B172B0FC190001A784D /* Debug */,
				F6136B182B0FC190001A784D /* Release */,
			);
			defaultConfigurationIsVisible = 0;
			defaultConfigurationName = Release;
		};
		F6136B192B0FC190001A784D /* Build configuration list for PBXNativeTarget "CovidTrackerUITests" */ = {
			isa = XCConfigurationList;
			buildConfigurations = (
				F6136B1A2B0FC190001A784D /* Debug */,
				F6136B1B2B0FC190001A784D /* Release */,
			);
			defaultConfigurationIsVisible = 0;
			defaultConfigurationName = Release;
		};
/* End XCConfigurationList section */

/* Begin XCRemoteSwiftPackageReference section */
		F6136B232B0FC315001A784D /* XCRemoteSwiftPackageReference "Alamofire" */ = {
			isa = XCRemoteSwiftPackageReference;
			repositoryURL = "https://github.com/Alamofire/Alamofire.git";
			requirement = {
				kind = upToNextMajorVersion;
				minimumVersion = 5.8.1;
			};
		};
		F6136B262B0FC31E001A784D /* XCRemoteSwiftPackageReference "SDWebImageSwiftUI" */ = {
			isa = XCRemoteSwiftPackageReference;
			repositoryURL = "https://github.com/SDWebImage/SDWebImageSwiftUI";
			requirement = {
				kind = upToNextMajorVersion;
				minimumVersion = 2.2.4;
			};
		};
		F6136B292B0FC366001A784D /* XCRemoteSwiftPackageReference "FlowStacks" */ = {
			isa = XCRemoteSwiftPackageReference;
			repositoryURL = "https://github.com/johnpatrickmorgan/FlowStacks";
			requirement = {
				kind = upToNextMajorVersion;
				minimumVersion = 0.3.6;
			};
		};
/* End XCRemoteSwiftPackageReference section */

/* Begin XCSwiftPackageProductDependency section */
		F6136B242B0FC315001A784D /* Alamofire */ = {
			isa = XCSwiftPackageProductDependency;
			package = F6136B232B0FC315001A784D /* XCRemoteSwiftPackageReference "Alamofire" */;
			productName = Alamofire;
		};
		F6136B272B0FC31E001A784D /* SDWebImageSwiftUI */ = {
			isa = XCSwiftPackageProductDependency;
			package = F6136B262B0FC31E001A784D /* XCRemoteSwiftPackageReference "SDWebImageSwiftUI" */;
			productName = SDWebImageSwiftUI;
		};
		F6136B2A2B0FC366001A784D /* FlowStacks */ = {
			isa = XCSwiftPackageProductDependency;
			package = F6136B292B0FC366001A784D /* XCRemoteSwiftPackageReference "FlowStacks" */;
			productName = FlowStacks;
		};
/* End XCSwiftPackageProductDependency section */
	};
	rootObject = F6136AE72B0FC18F001A784D /* Project object */;
}
